{
  "requires": true,
  "lockfileVersion": 1,
  "dependencies": {
    "emoji-datasource": {
      "version": "4.1.0",
      "resolved": "https://registry.npmjs.org/emoji-datasource/-/emoji-datasource-4.1.0.tgz",
      "integrity": "sha1-tEVX94ot+sLzUDkzkbFwpWfsKK0="
    },
    "emoji-js": {
      "version": "3.5.0",
      "resolved": "https://registry.npmjs.org/emoji-js/-/emoji-js-3.5.0.tgz",
      "integrity": "sha512-5uaULzdR3g6ALBC8xUzyoxAx6izT1M4+DEsxHLRS2/gaOKC/p62831itMoMsYfUj1fKX3YG01u5YVz2v7qpsWg==",
      "requires": {
        "emoji-datasource": "4.1.0"
      }
    }
  }
}
